
Microsoft Visual Studio Solution File, Format Version 12.00
# Visual Studio Version 16
VisualStudioVersion = 16.0.31005.135
MinimumVisualStudioVersion = 10.0.40219.1
Project("{FAE04EC0-301F-11D3-BF4B-00C04F79EFBC}") = "BinaryTreesAssignmentForRoy", "BinaryTreesAssignmentForRoy\BinaryTreesAssignmentForRoy.csproj", "{D376AC96-E80A-4C44-BCEF-E3880980AFE1}"
EndProject
Global
	GlobalSection(SolutionConfigurationPlatforms) = preSolution
		Debug|Any CPU = Debug|Any CPU
		Release|Any CPU = Release|Any CPU
	EndGlobalSection
	GlobalSection(ProjectConfigurationPlatforms) = postSolution
		{D376AC96-E80A-4C44-BCEF-E3880980AFE1}.Debug|Any CPU.ActiveCfg = Debug|Any CPU
		{D376AC96-E80A-4C44-BCEF-E3880980AFE1}.Debug|Any CPU.Build.0 = Debug|Any CPU
		{D376AC96-E80A-4C44-BCEF-E3880980AFE1}.Release|Any CPU.ActiveCfg = Release|Any CPU
		{D376AC96-E80A-4C44-BCEF-E3880980AFE1}.Release|Any CPU.Build.0 = Release|Any CPU
	EndGlobalSection
	GlobalSection(SolutionProperties) = preSolution
		HideSolutionNode = FALSE
	EndGlobalSection
	GlobalSection(ExtensibilityGlobals) = postSolution
		SolutionGuid = {CA6A59E5-2ED3-442F-8180-F7696AC287DE}
	EndGlobalSection
EndGlobal
